
Microsoft Visual Studio Solution File, Format Version 12.00
# Visual Studio 15
VisualStudioVersion = 15.0.28307.1778
MinimumVisualStudioVersion = 10.0.40219.1
Project("{E24C65DC-7377-472B-9ABA-BC803B73C61A}") = "EAuthentication", "EAuthentication\", "{8B70D921-4758-4095-987D-D6150836A96D}"
	ProjectSection(WebsiteProperties) = preProject
		TargetFrameworkMoniker = ".NETFramework,Version%3Dv4.7"
		Debug.AspNetCompiler.VirtualPath = "/localhost_50751"
		Debug.AspNetCompiler.PhysicalPath = "EAuthentication\"
		Debug.AspNetCompiler.TargetPath = "PrecompiledWeb\localhost_50751\"
		Debug.AspNetCompiler.Updateable = "true"
		Debug.AspNetCompiler.ForceOverwrite = "true"
		Debug.AspNetCompiler.FixedNames = "false"
		Debug.AspNetCompiler.Debug = "True"
		Release.AspNetCompiler.VirtualPath = "/localhost_50751"
		Release.AspNetCompiler.PhysicalPath = "EAuthentication\"
		Release.AspNetCompiler.TargetPath = "PrecompiledWeb\localhost_50751\"
		Release.AspNetCompiler.Updateable = "true"
		Release.AspNetCompiler.ForceOverwrite = "true"
		Release.AspNetCompiler.FixedNames = "false"
		Release.AspNetCompiler.Debug = "False"
		VWDPort = "50751"
		SlnRelativePath = "EAuthentication\"
		DefaultWebSiteLanguage = "Visual C#"
	EndProjectSection
EndProject
Global
	GlobalSection(SolutionConfigurationPlatforms) = preSolution
		Debug|Any CPU = Debug|Any CPU
	EndGlobalSection
	GlobalSection(ProjectConfigurationPlatforms) = postSolution
		{8B70D921-4758-4095-987D-D6150836A96D}.Debug|Any CPU.ActiveCfg = Debug|Any CPU
		{8B70D921-4758-4095-987D-D6150836A96D}.Debug|Any CPU.Build.0 = Debug|Any CPU
	EndGlobalSection
	GlobalSection(SolutionProperties) = preSolution
		HideSolutionNode = FALSE
	EndGlobalSection
	GlobalSection(ExtensibilityGlobals) = postSolution
		SolutionGuid = {D1BD4628-887B-4B37-9175-1DF4C7510FA4}
	EndGlobalSection
EndGlobal
